
Microsoft Visual Studio Solution File, Format Version 12.00
# Visual Studio Version 17
VisualStudioVersion = 17.2.32602.215
MinimumVisualStudioVersion = 10.0.40219.1
Project("{FAE04EC0-301F-11D3-BF4B-00C04F79EFBC}") = "IT481_Unit-2_Johnson-Amber_NWdb", "IT481_Unit-2_Johnson-Amber_NWdb.csproj", "{A8E1D328-D91C-474B-B7F6-30295F039D19}"
EndProject
Global
	GlobalSection(SolutionConfigurationPlatforms) = preSolution
		Debug|Any CPU = Debug|Any CPU
		Release|Any CPU = Release|Any CPU
	EndGlobalSection
	GlobalSection(ProjectConfigurationPlatforms) = postSolution
		{A8E1D328-D91C-474B-B7F6-30295F039D19}.Debug|Any CPU.ActiveCfg = Debug|Any CPU
		{A8E1D328-D91C-474B-B7F6-30295F039D19}.Debug|Any CPU.Build.0 = Debug|Any CPU
		{A8E1D328-D91C-474B-B7F6-30295F039D19}.Release|Any CPU.ActiveCfg = Release|Any CPU
		{A8E1D328-D91C-474B-B7F6-30295F039D19}.Release|Any CPU.Build.0 = Release|Any CPU
	EndGlobalSection
	GlobalSection(SolutionProperties) = preSolution
		HideSolutionNode = FALSE
	EndGlobalSection
	GlobalSection(ExtensibilityGlobals) = postSolution
		SolutionGuid = {1811E786-5F47-4A1C-B5A8-CDAF91B19885}
	EndGlobalSection
EndGlobal
